
Microsoft Visual Studio Solution File, Format Version 12.00
# Visual Studio Version 17
VisualStudioVersion = 17.0.32112.339
MinimumVisualStudioVersion = 10.0.40219.1
Project("{FAE04EC0-301F-11D3-BF4B-00C04F79EFBC}") = "Asynchronous", "Asynchronous\Asynchronous.csproj", "{061CAA3F-81F8-4196-9906-13858A6B2A61}"
EndProject
Project("{FAE04EC0-301F-11D3-BF4B-00C04F79EFBC}") = "Mulththreading", "Mulththreading\Mulththreading.csproj", "{272F9CBC-1B29-40EF-9410-392B29DBCE06}"
EndProject
Project("{FAE04EC0-301F-11D3-BF4B-00C04F79EFBC}") = "SingleThread", "SingleThread\SingleThread.csproj", "{D0DCA2FB-D1CD-440F-925B-1074D00BDCCC}"
EndProject
Project("{FAE04EC0-301F-11D3-BF4B-00C04F79EFBC}") = "MultithreadExample", "MultithreadExample\MultithreadExample.csproj", "{518DA0C1-AC12-4B67-A2A6-A4854B0DC052}"
EndProject
Project("{FAE04EC0-301F-11D3-BF4B-00C04F79EFBC}") = "AnotherExampleAsync", "AnotherExampleAsync\AnotherExampleAsync.csproj", "{7CE8D4C0-E4EA-42F6-BDE9-285EE83B7AE6}"
EndProject
Project("{FAE04EC0-301F-11D3-BF4B-00C04F79EFBC}") = "MulththreadingNewExample", "MulththreadingNewExample\MulththreadingNewExample.csproj", "{A1585250-3F4E-4585-BDBA-E070C0475EF5}"
EndProject
Global
	GlobalSection(SolutionConfigurationPlatforms) = preSolution
		Debug|Any CPU = Debug|Any CPU
		Release|Any CPU = Release|Any CPU
	EndGlobalSection
	GlobalSection(ProjectConfigurationPlatforms) = postSolution
		{061CAA3F-81F8-4196-9906-13858A6B2A61}.Debug|Any CPU.ActiveCfg = Debug|Any CPU
		{061CAA3F-81F8-4196-9906-13858A6B2A61}.Debug|Any CPU.Build.0 = Debug|Any CPU
		{061CAA3F-81F8-4196-9906-13858A6B2A61}.Release|Any CPU.ActiveCfg = Release|Any CPU
		{061CAA3F-81F8-4196-9906-13858A6B2A61}.Release|Any CPU.Build.0 = Release|Any CPU
		{272F9CBC-1B29-40EF-9410-392B29DBCE06}.Debug|Any CPU.ActiveCfg = Debug|Any CPU
		{272F9CBC-1B29-40EF-9410-392B29DBCE06}.Debug|Any CPU.Build.0 = Debug|Any CPU
		{272F9CBC-1B29-40EF-9410-392B29DBCE06}.Release|Any CPU.ActiveCfg = Release|Any CPU
		{272F9CBC-1B29-40EF-9410-392B29DBCE06}.Release|Any CPU.Build.0 = Release|Any CPU
		{D0DCA2FB-D1CD-440F-925B-1074D00BDCCC}.Debug|Any CPU.ActiveCfg = Debug|Any CPU
		{D0DCA2FB-D1CD-440F-925B-1074D00BDCCC}.Debug|Any CPU.Build.0 = Debug|Any CPU
		{D0DCA2FB-D1CD-440F-925B-1074D00BDCCC}.Release|Any CPU.ActiveCfg = Release|Any CPU
		{D0DCA2FB-D1CD-440F-925B-1074D00BDCCC}.Release|Any CPU.Build.0 = Release|Any CPU
		{518DA0C1-AC12-4B67-A2A6-A4854B0DC052}.Debug|Any CPU.ActiveCfg = Debug|Any CPU
		{518DA0C1-AC12-4B67-A2A6-A4854B0DC052}.Debug|Any CPU.Build.0 = Debug|Any CPU
		{518DA0C1-AC12-4B67-A2A6-A4854B0DC052}.Release|Any CPU.ActiveCfg = Release|Any CPU
		{518DA0C1-AC12-4B67-A2A6-A4854B0DC052}.Release|Any CPU.Build.0 = Release|Any CPU
		{7CE8D4C0-E4EA-42F6-BDE9-285EE83B7AE6}.Debug|Any CPU.ActiveCfg = Debug|Any CPU
		{7CE8D4C0-E4EA-42F6-BDE9-285EE83B7AE6}.Debug|Any CPU.Build.0 = Debug|Any CPU
		{7CE8D4C0-E4EA-42F6-BDE9-285EE83B7AE6}.Release|Any CPU.ActiveCfg = Release|Any CPU
		{7CE8D4C0-E4EA-42F6-BDE9-285EE83B7AE6}.Release|Any CPU.Build.0 = Release|Any CPU
		{A1585250-3F4E-4585-BDBA-E070C0475EF5}.Debug|Any CPU.ActiveCfg = Debug|Any CPU
		{A1585250-3F4E-4585-BDBA-E070C0475EF5}.Debug|Any CPU.Build.0 = Debug|Any CPU
		{A1585250-3F4E-4585-BDBA-E070C0475EF5}.Release|Any CPU.ActiveCfg = Release|Any CPU
		{A1585250-3F4E-4585-BDBA-E070C0475EF5}.Release|Any CPU.Build.0 = Release|Any CPU
	EndGlobalSection
	GlobalSection(SolutionProperties) = preSolution
		HideSolutionNode = FALSE
	EndGlobalSection
	GlobalSection(ExtensibilityGlobals) = postSolution
		SolutionGuid = {B6EAE8F9-1C1F-4C9F-A126-4466EC9927E4}
	EndGlobalSection
EndGlobal
